
Microsoft Visual Studio Solution File, Format Version 12.00
# Visual Studio 15
VisualStudioVersion = 15.0.28307.168
MinimumVisualStudioVersion = 10.0.40219.1
Project("{FAE04EC0-301F-11D3-BF4B-00C04F79EFBC}") = "WelcomeAccounting", "WelcomeAccounting\WelcomeAccounting.csproj", "{C981D654-0CBE-41BD-9B8F-3BCE119FF581}"
EndProject
Global
	GlobalSection(SolutionConfigurationPlatforms) = preSolution
		Debug|Any CPU = Debug|Any CPU
		Release|Any CPU = Release|Any CPU
	EndGlobalSection
	GlobalSection(ProjectConfigurationPlatforms) = postSolution
		{C981D654-0CBE-41BD-9B8F-3BCE119FF581}.Debug|Any CPU.ActiveCfg = Debug|Any CPU
		{C981D654-0CBE-41BD-9B8F-3BCE119FF581}.Debug|Any CPU.Build.0 = Debug|Any CPU
		{C981D654-0CBE-41BD-9B8F-3BCE119FF581}.Release|Any CPU.ActiveCfg = Release|Any CPU
		{C981D654-0CBE-41BD-9B8F-3BCE119FF581}.Release|Any CPU.Build.0 = Release|Any CPU
	EndGlobalSection
	GlobalSection(SolutionProperties) = preSolution
		HideSolutionNode = FALSE
	EndGlobalSection
	GlobalSection(ExtensibilityGlobals) = postSolution
		SolutionGuid = {649E14F0-0DDC-443C-A2D7-232A778D8FD6}
	EndGlobalSection
EndGlobal
