
Microsoft Visual Studio Solution File, Format Version 12.00
# Visual Studio 15
VisualStudioVersion = 15.0.28307.271
MinimumVisualStudioVersion = 10.0.40219.1
Project("{FAE04EC0-301F-11D3-BF4B-00C04F79EFBC}") = "OptionalParameterMethod", "OptionalParameterMethod\OptionalParameterMethod.csproj", "{B35C6A10-1261-419C-AAFC-C9955697417D}"
EndProject
Global
	GlobalSection(SolutionConfigurationPlatforms) = preSolution
		Debug|Any CPU = Debug|Any CPU
		Release|Any CPU = Release|Any CPU
	EndGlobalSection
	GlobalSection(ProjectConfigurationPlatforms) = postSolution
		{B35C6A10-1261-419C-AAFC-C9955697417D}.Debug|Any CPU.ActiveCfg = Debug|Any CPU
		{B35C6A10-1261-419C-AAFC-C9955697417D}.Debug|Any CPU.Build.0 = Debug|Any CPU
		{B35C6A10-1261-419C-AAFC-C9955697417D}.Release|Any CPU.ActiveCfg = Release|Any CPU
		{B35C6A10-1261-419C-AAFC-C9955697417D}.Release|Any CPU.Build.0 = Release|Any CPU
	EndGlobalSection
	GlobalSection(SolutionProperties) = preSolution
		HideSolutionNode = FALSE
	EndGlobalSection
	GlobalSection(ExtensibilityGlobals) = postSolution
		SolutionGuid = {15C3CE49-2156-409B-9F45-B6E4B23CE50E}
	EndGlobalSection
EndGlobal
