
Microsoft Visual Studio Solution File, Format Version 12.00
# Visual Studio 15
VisualStudioVersion = 15.0.28307.329
MinimumVisualStudioVersion = 10.0.40219.1
Project("{FAE04EC0-301F-11D3-BF4B-00C04F79EFBC}") = "TechnicalQuestions", "TechnicalQuestions\TechnicalQuestions.csproj", "{0DC317B0-BC8D-486C-B513-2B98AFDF83AF}"
EndProject
Global
	GlobalSection(SolutionConfigurationPlatforms) = preSolution
		Debug|Any CPU = Debug|Any CPU
		Release|Any CPU = Release|Any CPU
	EndGlobalSection
	GlobalSection(ProjectConfigurationPlatforms) = postSolution
		{0DC317B0-BC8D-486C-B513-2B98AFDF83AF}.Debug|Any CPU.ActiveCfg = Debug|Any CPU
		{0DC317B0-BC8D-486C-B513-2B98AFDF83AF}.Debug|Any CPU.Build.0 = Debug|Any CPU
		{0DC317B0-BC8D-486C-B513-2B98AFDF83AF}.Release|Any CPU.ActiveCfg = Release|Any CPU
		{0DC317B0-BC8D-486C-B513-2B98AFDF83AF}.Release|Any CPU.Build.0 = Release|Any CPU
	EndGlobalSection
	GlobalSection(SolutionProperties) = preSolution
		HideSolutionNode = FALSE
	EndGlobalSection
	GlobalSection(ExtensibilityGlobals) = postSolution
		SolutionGuid = {1FC8282C-29DB-442F-8954-3D4C496F799B}
	EndGlobalSection
EndGlobal
