
Microsoft Visual Studio Solution File, Format Version 12.00
# Visual Studio 15
VisualStudioVersion = 15.0.28307.168
MinimumVisualStudioVersion = 10.0.40219.1
Project("{FAE04EC0-301F-11D3-BF4B-00C04F79EFBC}") = "AnonymousIncomeComparison", "AnonymousIncomeComparison\AnonymousIncomeComparison.csproj", "{A7E19E92-2379-47FA-B879-6CF37C23D1CC}"
EndProject
Global
	GlobalSection(SolutionConfigurationPlatforms) = preSolution
		Debug|Any CPU = Debug|Any CPU
		Release|Any CPU = Release|Any CPU
	EndGlobalSection
	GlobalSection(ProjectConfigurationPlatforms) = postSolution
		{A7E19E92-2379-47FA-B879-6CF37C23D1CC}.Debug|Any CPU.ActiveCfg = Debug|Any CPU
		{A7E19E92-2379-47FA-B879-6CF37C23D1CC}.Debug|Any CPU.Build.0 = Debug|Any CPU
		{A7E19E92-2379-47FA-B879-6CF37C23D1CC}.Release|Any CPU.ActiveCfg = Release|Any CPU
		{A7E19E92-2379-47FA-B879-6CF37C23D1CC}.Release|Any CPU.Build.0 = Release|Any CPU
	EndGlobalSection
	GlobalSection(SolutionProperties) = preSolution
		HideSolutionNode = FALSE
	EndGlobalSection
	GlobalSection(ExtensibilityGlobals) = postSolution
		SolutionGuid = {FD4437F9-2BE3-4A28-899A-C6AEBBF7A724}
	EndGlobalSection
EndGlobal
