
Microsoft Visual Studio Solution File, Format Version 12.00
# Visual Studio 15
VisualStudioVersion = 15.0.28307.271
MinimumVisualStudioVersion = 10.0.40219.1
Project("{FAE04EC0-301F-11D3-BF4B-00C04F79EFBC}") = "LambdaExample", "LambdaExample\LambdaExample.csproj", "{14982708-6F04-4401-958E-5E40F0095297}"
EndProject
Global
	GlobalSection(SolutionConfigurationPlatforms) = preSolution
		Debug|Any CPU = Debug|Any CPU
		Release|Any CPU = Release|Any CPU
	EndGlobalSection
	GlobalSection(ProjectConfigurationPlatforms) = postSolution
		{14982708-6F04-4401-958E-5E40F0095297}.Debug|Any CPU.ActiveCfg = Debug|Any CPU
		{14982708-6F04-4401-958E-5E40F0095297}.Debug|Any CPU.Build.0 = Debug|Any CPU
		{14982708-6F04-4401-958E-5E40F0095297}.Release|Any CPU.ActiveCfg = Release|Any CPU
		{14982708-6F04-4401-958E-5E40F0095297}.Release|Any CPU.Build.0 = Release|Any CPU
	EndGlobalSection
	GlobalSection(SolutionProperties) = preSolution
		HideSolutionNode = FALSE
	EndGlobalSection
	GlobalSection(ExtensibilityGlobals) = postSolution
		SolutionGuid = {8A242AC0-900E-4B1D-806C-9F40AA778026}
	EndGlobalSection
EndGlobal
