
Microsoft Visual Studio Solution File, Format Version 12.00
# Visual Studio 15
VisualStudioVersion = 15.0.28307.271
MinimumVisualStudioVersion = 10.0.40219.1
Project("{FAE04EC0-301F-11D3-BF4B-00C04F79EFBC}") = "StudentManagementSystem", "StudentManagementSystem\StudentManagementSystem.csproj", "{8AB2CE0B-E209-47FA-8DF5-9BFAE8D5E84D}"
EndProject
Global
	GlobalSection(SolutionConfigurationPlatforms) = preSolution
		Debug|Any CPU = Debug|Any CPU
		Release|Any CPU = Release|Any CPU
	EndGlobalSection
	GlobalSection(ProjectConfigurationPlatforms) = postSolution
		{8AB2CE0B-E209-47FA-8DF5-9BFAE8D5E84D}.Debug|Any CPU.ActiveCfg = Debug|Any CPU
		{8AB2CE0B-E209-47FA-8DF5-9BFAE8D5E84D}.Debug|Any CPU.Build.0 = Debug|Any CPU
		{8AB2CE0B-E209-47FA-8DF5-9BFAE8D5E84D}.Release|Any CPU.ActiveCfg = Release|Any CPU
		{8AB2CE0B-E209-47FA-8DF5-9BFAE8D5E84D}.Release|Any CPU.Build.0 = Release|Any CPU
	EndGlobalSection
	GlobalSection(SolutionProperties) = preSolution
		HideSolutionNode = FALSE
	EndGlobalSection
	GlobalSection(ExtensibilityGlobals) = postSolution
		SolutionGuid = {AC6CE467-5DAB-4486-B6BF-0A71340912A3}
	EndGlobalSection
EndGlobal
