
Microsoft Visual Studio Solution File, Format Version 12.00
# Visual Studio 15
VisualStudioVersion = 15.0.28307.271
MinimumVisualStudioVersion = 10.0.40219.1
Project("{FAE04EC0-301F-11D3-BF4B-00C04F79EFBC}") = "IterationExcercise", "IterationExcercise\IterationExcercise.csproj", "{85FC4A87-0F31-4BC0-BCE3-04866F8EA655}"
EndProject
Global
	GlobalSection(SolutionConfigurationPlatforms) = preSolution
		Debug|Any CPU = Debug|Any CPU
		Release|Any CPU = Release|Any CPU
	EndGlobalSection
	GlobalSection(ProjectConfigurationPlatforms) = postSolution
		{85FC4A87-0F31-4BC0-BCE3-04866F8EA655}.Debug|Any CPU.ActiveCfg = Debug|Any CPU
		{85FC4A87-0F31-4BC0-BCE3-04866F8EA655}.Debug|Any CPU.Build.0 = Debug|Any CPU
		{85FC4A87-0F31-4BC0-BCE3-04866F8EA655}.Release|Any CPU.ActiveCfg = Release|Any CPU
		{85FC4A87-0F31-4BC0-BCE3-04866F8EA655}.Release|Any CPU.Build.0 = Release|Any CPU
	EndGlobalSection
	GlobalSection(SolutionProperties) = preSolution
		HideSolutionNode = FALSE
	EndGlobalSection
	GlobalSection(ExtensibilityGlobals) = postSolution
		SolutionGuid = {260D0EDA-6D6E-44EE-8759-36BBE1A3E27D}
	EndGlobalSection
EndGlobal
