
Microsoft Visual Studio Solution File, Format Version 12.00
# Visual Studio 15
VisualStudioVersion = 15.0.28307.271
MinimumVisualStudioVersion = 10.0.40219.1
Project("{FAE04EC0-301F-11D3-BF4B-00C04F79EFBC}") = "NewsletterInfo", "NewsletterInfo\NewsletterInfo.csproj", "{1D7CE146-07E0-497C-8C58-33E72FF359DF}"
EndProject
Global
	GlobalSection(SolutionConfigurationPlatforms) = preSolution
		Debug|Any CPU = Debug|Any CPU
		Release|Any CPU = Release|Any CPU
	EndGlobalSection
	GlobalSection(ProjectConfigurationPlatforms) = postSolution
		{1D7CE146-07E0-497C-8C58-33E72FF359DF}.Debug|Any CPU.ActiveCfg = Debug|Any CPU
		{1D7CE146-07E0-497C-8C58-33E72FF359DF}.Debug|Any CPU.Build.0 = Debug|Any CPU
		{1D7CE146-07E0-497C-8C58-33E72FF359DF}.Release|Any CPU.ActiveCfg = Release|Any CPU
		{1D7CE146-07E0-497C-8C58-33E72FF359DF}.Release|Any CPU.Build.0 = Release|Any CPU
	EndGlobalSection
	GlobalSection(SolutionProperties) = preSolution
		HideSolutionNode = FALSE
	EndGlobalSection
	GlobalSection(ExtensibilityGlobals) = postSolution
		SolutionGuid = {83281E68-2B74-4975-BC1A-F2DED3AF776D}
	EndGlobalSection
EndGlobal
